[[package]]
name = "asgiref"
version = "3.5.1"
description = "ASGI specs, helper code, and adapters"
category = "main"
optional = false
python-versions = ">=3.7"

[package.extras]
tests = ["pytest", "pytest-asyncio", "mypy (>=0.800)"]

[[package]]
name = "django"
version = "3.2.13"
description = "A high-level Python Web framework that encourages rapid development and clean, pragmatic design."
category = "main"
optional = false
python-versions = ">=3.6"

[package.dependencies]
asgiref = ">=3.3.2,<4"
pytz = "*"
sqlparse = ">=0.2.2"

[package.extras]
argon2 = ["argon2-cffi (>=19.1.0)"]
bcrypt = ["bcrypt"]

[[package]]
name = "postgres"
version = "4.0"
description = "postgres is a high-value abstraction over psycopg2."
category = "main"
optional = false
python-versions = "*"

[package.dependencies]
psycopg2-binary = ">=2.8"
psycopg2-pool = "*"

[[package]]
name = "psycopg2-binary"
version = "2.9.5"
description = "psycopg2 - Python-PostgreSQL Database Adapter"
category = "main"
optional = false
python-versions = ">=3.6"

[[package]]
name = "psycopg2-pool"
version = "1.1"
description = "Proper pooling of psycopg2 connections"
category = "main"
optional = false
python-versions = ">= 2.7, != 3.0.*, != 3.1.*, != 3.2.*, != 3.3.*, != 3.4.*"

[package.dependencies]
psycopg2-binary = "*"

[[package]]
name = "pytz"
version = "2022.1"
description = "World timezone definitions, modern and historical"
category = "main"
optional = false
python-versions = "*"

[[package]]
name = "sqlparse"
version = "0.4.2"
description = "A non-validating SQL parser."
category = "main"
optional = false
python-versions = ">=3.5"

[metadata]
lock-version = "1.1"
python-versions = "^3.8"
content-hash = "7b0bc12a5fe9df624b404ad6b1df956f231f744750d6778422a2158814a1b4e0"

[metadata.files]
asgiref = []
django = []
postgres = []
psycopg2-binary = []
psycopg2-pool = [
    {file = "psycopg2-pool-1.1.tar.gz", hash = "sha256:de88615c24ddfc7ee314c566976cfed4bbb009211255f2773ea09e5f938ff400"},
    {file = "psycopg2_pool-1.1-py2.py3-none-any.whl", hash = "sha256:529c4100db56a3522cf680ce8d89e71511e37c7e0b1f120ce0dde0f13c6e5844"},
]
pytz = []
sqlparse = []
